// !$*UTF8*$!
{
	archiveVersion = 1;
	classes = {
	};
	objectVersion = 50;
	objects = {

/* Begin PBXBuildFile section */
		6776723720A7505300722E70 /* AppDelegate.swift in Sources */ = {isa = PBXBuildFile; fileRef = 6776723620A7505300722E70 /* AppDelegate.swift */; };
		6776723920A7505300722E70 /* ViewController.swift in Sources */ = {isa = PBXBuildFile; fileRef = 6776723820A7505300722E70 /* ViewController.swift */; };
		6776723C20A7505300722E70 /* Main.storyboard in Resources */ = {isa = PBXBuildFile; fileRef = 6776723A20A7505300722E70 /* Main.storyboard */; };
		6776723E20A7505500722E70 /* Assets.xcassets in Resources */ = {isa = PBXBuildFile; fileRef = 6776723D20A7505500722E70 /* Assets.xcassets */; };
		6776724120A7505500722E70 /* LaunchScreen.storyboard in Resources */ = {isa = PBXBuildFile; fileRef = 6776723F20A7505500722E70 /* LaunchScreen.storyboard */; };
		6776724C20A7505500722E70 /* MovieIndexTests.swift in Sources */ = {isa = PBXBuildFile; fileRef = 6776724B20A7505500722E70 /* MovieIndexTests.swift */; };
		6776725720A7505500722E70 /* MovieIndexUITests.swift in Sources */ = {isa = PBXBuildFile; fileRef = 6776725620A7505500722E70 /* MovieIndexUITests.swift */; };
/* End PBXBuildFile section */

/* Begin PBXContainerItemProxy section */
		6776724820A7505500722E70 /* PBXContainerItemProxy */ = {
			isa = PBXContainerItemProxy;
			containerPortal = 6776722B20A7505300722E70 /* Project object */;
			proxyType = 1;
			remoteGlobalIDString = 6776723220A7505300722E70;
			remoteInfo = MovieIndex;
		};
		6776725320A7505500722E70 /* PBXContainerItemProxy */ = {
			isa = PBXContainerItemProxy;
			containerPortal = 6776722B20A7505300722E70 /* Project object */;
			proxyType = 1;
			remoteGlobalIDString = 6776723220A7505300722E70;
			remoteInfo = MovieIndex;
		};
/* End PBXContainerItemProxy section */

/* Begin PBXFileReference section */
		6776723320A7505300722E70 /* MovieIndex.app */ = {isa = PBXFileReference; explicitFileType = wrapper.application; includeInIndex = 0; path = MovieIndex.app; sourceTree = BUILT_PRODUCTS_DIR; };
		6776723620A7505300722E70 /* AppDelegate.swift */ = {isa = PBXFileReference; lastKnownFileType = sourcecode.swift; path = AppDelegate.swift; sourceTree = "<group>"; };
		6776723820A7505300722E70 /* ViewController.swift */ = {isa = PBXFileReference; lastKnownFileType = sourcecode.swift; path = ViewController.swift; sourceTree = "<group>"; };
		6776723B20A7505300722E70 /* Base */ = {isa = PBXFileReference; lastKnownFileType = file.storyboard; name = Base; path = Base.lproj/Main.storyboard; sourceTree = "<group>"; };
		6776723D20A7505500722E70 /* Assets.xcassets */ = {isa = PBXFileReference; lastKnownFileType = folder.assetcatalog; path = Assets.xcassets; sourceTree = "<group>"; };
		6776724020A7505500722E70 /* Base */ = {isa = PBXFileReference; lastKnownFileType = file.storyboard; name = Base; path = Base.lproj/LaunchScreen.storyboard; sourceTree = "<group>"; };
		6776724220A7505500722E70 /* Info.plist */ = {isa = PBXFileReference; lastKnownFileType = text.plist.xml; path = Info.plist; sourceTree = "<group>"; };
		6776724720A7505500722E70 /* MovieIndexTests.xctest */ = {isa = PBXFileReference; explicitFileType = wrapper.cfbundle; includeInIndex = 0; path = MovieIndexTests.xctest; sourceTree = BUILT_PRODUCTS_DIR; };
		6776724B20A7505500722E70 /* MovieIndexTests.swift */ = {isa = PBXFileReference; lastKnownFileType = sourcecode.swift; path = MovieIndexTests.swift; sourceTree = "<group>"; };
		6776724D20A7505500722E70 /* Info.plist */ = {isa = PBXFileReference; lastKnownFileType = text.plist.xml; path = Info.plist; sourceTree = "<group>"; };
		6776725220A7505500722E70 /* MovieIndexUITests.xctest */ = {isa = PBXFileReference; explicitFileType = wrapper.cfbundle; includeInIndex = 0; path = MovieIndexUITests.xctest; sourceTree = BUILT_PRODUCTS_DIR; };
		6776725620A7505500722E70 /* MovieIndexUITests.swift */ = {isa = PBXFileReference; lastKnownFileType = sourcecode.swift; path = MovieIndexUITests.swift; sourceTree = "<group>"; };
		6776725820A7505500722E70 /* Info.plist */ = {isa = PBXFileReference; lastKnownFileType = text.plist.xml; path = Info.plist; sourceTree = "<group>"; };
/* End PBXFileReference section */

/* Begin PBXFrameworksBuildPhase section */
		6776723020A7505300722E70 /* Frameworks */ = {
			isa = PBXFrameworksBuildPhase;
			buildActionMask = 2147483647;
			files = (
			);
			runOnlyForDeploymentPostprocessing = 0;
		};
		6776724420A7505500722E70 /* Frameworks */ = {
			isa = PBXFrameworksBuildPhase;
			buildActionMask = 2147483647;
			files = (
			);
			runOnlyForDeploymentPostprocessing = 0;
		};
		6776724F20A7505500722E70 /* Frameworks */ = {
			isa = PBXFrameworksBuildPhase;
			buildActionMask = 2147483647;
			files = (
			);
			runOnlyForDeploymentPostprocessing = 0;
		};
/* End PBXFrameworksBuildPhase section */

/* Begin PBXGroup section */
		6776722A20A7505300722E70 = {
			isa = PBXGroup;
			children = (
				6776723520A7505300722E70 /* MovieIndex */,
				6776724A20A7505500722E70 /* MovieIndexTests */,
				6776725520A7505500722E70 /* MovieIndexUITests */,
				6776723420A7505300722E70 /* Products */,
			);
			sourceTree = "<group>";
		};
		6776723420A7505300722E70 /* Products */ = {
			isa = PBXGroup;
			children = (
				6776723320A7505300722E70 /* MovieIndex.app */,
				6776724720A7505500722E70 /* MovieIndexTests.xctest */,
				6776725220A7505500722E70 /* MovieIndexUITests.xctest */,
			);
			name = Products;
			sourceTree = "<group>";
		};
		6776723520A7505300722E70 /* MovieIndex */ = {
			isa = PBXGroup;
			children = (
				6776723620A7505300722E70 /* AppDelegate.swift */,
				6776723820A7505300722E70 /* ViewController.swift */,
				6776723A20A7505300722E70 /* Main.storyboard */,
				6776723D20A7505500722E70 /* Assets.xcassets */,
				6776723F20A7505500722E70 /* LaunchScreen.storyboard */,
				6776724220A7505500722E70 /* Info.plist */,
			);
			path = MovieIndex;
			sourceTree = "<group>";
		};
		6776724A20A7505500722E70 /* MovieIndexTests */ = {
			isa = PBXGroup;
			children = (
				6776724B20A7505500722E70 /* MovieIndexTests.swift */,
				6776724D20A7505500722E70 /* Info.plist */,
			);
			path = MovieIndexTests;
			sourceTree = "<group>";
		};
		6776725520A7505500722E70 /* MovieIndexUITests */ = {
			isa = PBXGroup;
			children = (
				6776725620A7505500722E70 /* MovieIndexUITests.swift */,
				6776725820A7505500722E70 /* Info.plist */,
			);
			path = MovieIndexUITests;
			sourceTree = "<group>";
		};
/* End PBXGroup section */

/* Begin PBXNativeTarget section */
		6776723220A7505300722E70 /* MovieIndex */ = {
			isa = PBXNativeTarget;
			buildConfigurationList = 6776725B20A7505500722E70 /* Build configuration list for PBXNativeTarget "MovieIndex" */;
			buildPhases = (
				6776722F20A7505300722E70 /* Sources */,
				6776723020A7505300722E70 /* Frameworks */,
				6776723120A7505300722E70 /* Resources */,
			);
			buildRules = (
			);
			dependencies = (
			);
			name = MovieIndex;
			productName = MovieIndex;
			productReference = 6776723320A7505300722E70 /* MovieIndex.app */;
			productType = "com.apple.product-type.application";
		};
		6776724620A7505500722E70 /* MovieIndexTests */ = {
			isa = PBXNativeTarget;
			buildConfigurationList = 6776725E20A7505500722E70 /* Build configuration list for PBXNativeTarget "MovieIndexTests" */;
			buildPhases = (
				6776724320A7505500722E70 /* Sources */,
				6776724420A7505500722E70 /* Frameworks */,
				6776724520A7505500722E70 /* Resources */,
			);
			buildRules = (
			);
			dependencies = (
				6776724920A7505500722E70 /* PBXTargetDependency */,
			);
			name = MovieIndexTests;
			productName = MovieIndexTests;
			productReference = 6776724720A7505500722E70 /* MovieIndexTests.xctest */;
			productType = "com.apple.product-type.bundle.unit-test";
		};
		6776725120A7505500722E70 /* MovieIndexUITests */ = {
			isa = PBXNativeTarget;
			buildConfigurationList = 6776726120A7505500722E70 /* Build configuration list for PBXNativeTarget "MovieIndexUITests" */;
			buildPhases = (
				6776724E20A7505500722E70 /* Sources */,
				6776724F20A7505500722E70 /* Frameworks */,
				6776725020A7505500722E70 /* Resources */,
			);
			buildRules = (
			);
			dependencies = (
				6776725420A7505500722E70 /* PBXTargetDependency */,
			);
			name = MovieIndexUITests;
			productName = MovieIndexUITests;
			productReference = 6776725220A7505500722E70 /* MovieIndexUITests.xctest */;
			productType = "com.apple.product-type.bundle.ui-testing";
		};
/* End PBXNativeTarget section */

/* Begin PBXProject section */
		6776722B20A7505300722E70 /* Project object */ = {
			isa = PBXProject;
			attributes = {
				LastSwiftUpdateCheck = 0930;
				LastUpgradeCheck = 0930;
				ORGANIZATIONNAME = "Seaon Shin";
				TargetAttributes = {
					6776723220A7505300722E70 = {
						CreatedOnToolsVersion = 9.3;
					};
					6776724620A7505500722E70 = {
						CreatedOnToolsVersion = 9.3;
						TestTargetID = 6776723220A7505300722E70;
					};
					6776725120A7505500722E70 = {
						CreatedOnToolsVersion = 9.3;
						TestTargetID = 6776723220A7505300722E70;
					};
				};
			};
			buildConfigurationList = 6776722E20A7505300722E70 /* Build configuration list for PBXProject "MovieIndex" */;
			compatibilityVersion = "Xcode 9.3";
			developmentRegion = en;
			hasScannedForEncodings = 0;
			knownRegions = (
				en,
				Base,
			);
			mainGroup = 6776722A20A7505300722E70;
			productRefGroup = 6776723420A7505300722E70 /* Products */;
			projectDirPath = "";
			projectRoot = "";
			targets = (
				6776723220A7505300722E70 /* MovieIndex */,
				6776724620A7505500722E70 /* MovieIndexTests */,
				6776725120A7505500722E70 /* MovieIndexUITests */,
			);
		};
/* End PBXProject section */

/* Begin PBXResourcesBuildPhase section */
		6776723120A7505300722E70 /* Resources */ = {
			isa = PBXResourcesBuildPhase;
			buildActionMask = 2147483647;
			files = (
				6776724120A7505500722E70 /* LaunchScreen.storyboard in Resources */,
				6776723E20A7505500722E70 /* Assets.xcassets in Resources */,
				6776723C20A7505300722E70 /* Main.storyboard in Resources */,
			);
			runOnlyForDeploymentPostprocessing = 0;
		};
		6776724520A7505500722E70 /* Resources */ = {
			isa = PBXResourcesBuildPhase;
			buildActionMask = 2147483647;
			files = (
			);
			runOnlyForDeploymentPostprocessing = 0;
		};
		6776725020A7505500722E70 /* Resources */ = {
			isa = PBXResourcesBuildPhase;
			buildActionMask = 2147483647;
			files = (
			);
			runOnlyForDeploymentPostprocessing = 0;
		};
/* End PBXResourcesBuildPhase section */

/* Begin PBXSourcesBuildPhase section */
		6776722F20A7505300722E70 /* Sources */ = {
			isa = PBXSourcesBuildPhase;
			buildActionMask = 2147483647;
			files = (
				6776723920A7505300722E70 /* ViewController.swift in Sources */,
				6776723720A7505300722E70 /* AppDelegate.swift in Sources */,
			);
			runOnlyForDeploymentPostprocessing = 0;
		};
		6776724320A7505500722E70 /* Sources */ = {
			isa = PBXSourcesBuildPhase;
			buildActionMask = 2147483647;
			files = (
				6776724C20A7505500722E70 /* MovieIndexTests.swift in Sources */,
			);
			runOnlyForDeploymentPostprocessing = 0;
		};
		6776724E20A7505500722E70 /* Sources */ = {
			isa = PBXSourcesBuildPhase;
			buildActionMask = 2147483647;
			files = (
				6776725720A7505500722E70 /* MovieIndexUITests.swift in Sources */,
			);
			runOnlyForDeploymentPostprocessing = 0;
		};
/* End PBXSourcesBuildPhase section */

/* Begin PBXTargetDependency section */
		6776724920A7505500722E70 /* PBXTargetDependency */ = {
			isa = PBXTargetDependency;
			target = 6776723220A7505300722E70 /* MovieIndex */;
			targetProxy = 6776724820A7505500722E70 /* PBXContainerItemProxy */;
		};
		6776725420A7505500722E70 /* PBXTargetDependency */ = {
			isa = PBXTargetDependency;
			target = 6776723220A7505300722E70 /* MovieIndex */;
			targetProxy = 6776725320A7505500722E70 /* PBXContainerItemProxy */;
		};
/* End PBXTargetDependency section */

/* Begin PBXVariantGroup section */
		6776723A20A7505300722E70 /* Main.storyboard */ = {
			isa = PBXVariantGroup;
			children = (
				6776723B20A7505300722E70 /* Base */,
			);
			name = Main.storyboard;
			sourceTree = "<group>";
		};
		6776723F20A7505500722E70 /* LaunchScreen.storyboard */ = {
			isa = PBXVariantGroup;
			children = (
				6776724020A7505500722E70 /* Base */,
			);
			name = LaunchScreen.storyboard;
			sourceTree = "<group>";
		};
/* End PBXVariantGroup section */

/* Begin XCBuildConfiguration section */
		6776725920A7505500722E70 /* Debug */ = {
			isa = XCBuildConfiguration;
			buildSettings = {
				ALWAYS_SEARCH_USER_PATHS = NO;
				CLANG_ANALYZER_NONNULL = YES;
				CLANG_ANALYZER_NUMBER_OBJECT_CONVERSION = YES_AGGRESSIVE;
				CLANG_CXX_LANGUAGE_STANDARD = "gnu++14";
				CLANG_CXX_LIBRARY = "libc++";
				CLANG_ENABLE_MODULES = YES;
				CLANG_ENABLE_OBJC_ARC = YES;
				CLANG_ENABLE_OBJC_WEAK = YES;
				CLANG_WARN_BLOCK_CAPTURE_AUTORELEASING = YES;
				CLANG_WARN_BOOL_CONVERSION = YES;
				CLANG_WARN_COMMA = YES;
				CLANG_WARN_CONSTANT_CONVERSION = YES;
				CLANG_WARN_DEPRECATED_OBJC_IMPLEMENTATIONS = YES;
				CLANG_WARN_DIRECT_OBJC_ISA_USAGE = YES_ERROR;
				CLANG_WARN_DOCUMENTATION_COMMENTS = YES;
				CLANG_WARN_EMPTY_BODY = YES;
				CLANG_WARN_ENUM_CONVERSION = YES;
				CLANG_WARN_INFINITE_RECURSION = YES;
				CLANG_WARN_INT_CONVERSION = YES;
				CLANG_WARN_NON_LITERAL_NULL_CONVERSION = YES;
				CLANG_WARN_OBJC_IMPLICIT_RETAIN_SELF = YES;
				CLANG_WARN_OBJC_LITERAL_CONVERSION = YES;
				CLANG_WARN_OBJC_ROOT_CLASS = YES_ERROR;
				CLANG_WARN_RANGE_LOOP_ANALYSIS = YES;
				CLANG_WARN_STRICT_PROTOTYPES = YES;
				CLANG_WARN_SUSPICIOUS_MOVE = YES;
				CLANG_WARN_UNGUARDED_AVAILABILITY = YES_AGGRESSIVE;
				CLANG_WARN_UNREACHABLE_CODE = YES;
				CLANG_WARN__DUPLICATE_METHOD_MATCH = YES;
				CODE_SIGN_IDENTITY = "iPhone Developer";
				COPY_PHASE_STRIP = NO;
				DEBUG_INFORMATION_FORMAT = dwarf;
				ENABLE_STRICT_OBJC_MSGSEND = YES;
				ENABLE_TESTABILITY = YES;
				GCC_C_LANGUAGE_STANDARD = gnu11;
				GCC_DYNAMIC_NO_PIC = NO;
				GCC_NO_COMMON_BLOCKS = YES;
				GCC_OPTIMIZATION_LEVEL = 0;
				GCC_PREPROCESSOR_DEFINITIONS = (
					"DEBUG=1",
					"$(inherited)",
				);
				GCC_WARN_64_TO_32_BIT_CONVERSION = YES;
				GCC_WARN_ABOUT_RETURN_TYPE = YES_ERROR;
				GCC_WARN_UNDECLARED_SELECTOR = YES;
				GCC_WARN_UNINITIALIZED_AUTOS = YES_AGGRESSIVE;
				GCC_WARN_UNUSED_FUNCTION = YES;
				GCC_WARN_UNUSED_VARIABLE = YES;
				IPHONEOS_DEPLOYMENT_TARGET = 11.3;
				MTL_ENABLE_DEBUG_INFO = YES;
				ONLY_ACTIVE_ARCH = YES;
				SDKROOT = iphoneos;
				SWIFT_ACTIVE_COMPILATION_CONDITIONS = DEBUG;
				SWIFT_OPTIMIZATION_LEVEL = "-Onone";
			};
			name = Debug;
		};
		6776725A20A7505500722E70 /* Release */ = {
			isa = XCBuildConfiguration;
			buildSettings = {
				ALWAYS_SEARCH_USER_PATHS = NO;
				CLANG_ANALYZER_NONNULL = YES;
				CLANG_ANALYZER_NUMBER_OBJECT_CONVERSION = YES_AGGRESSIVE;
				CLANG_CXX_LANGUAGE_STANDARD = "gnu++14";
				CLANG_CXX_LIBRARY = "libc++";
				CLANG_ENABLE_MODULES = YES;
				CLANG_ENABLE_OBJC_ARC = YES;
				CLANG_ENABLE_OBJC_WEAK = YES;
				CLANG_WARN_BLOCK_CAPTURE_AUTORELEASING = YES;
				CLANG_WARN_BOOL_CONVERSION = YES;
				CLANG_WARN_COMMA = YES;
				CLANG_WARN_CONSTANT_CONVERSION = YES;
				CLANG_WARN_DEPRECATED_OBJC_IMPLEMENTATIONS = YES;
				CLANG_WARN_DIRECT_OBJC_ISA_USAGE = YES_ERROR;
				CLANG_WARN_DOCUMENTATION_COMMENTS = YES;
				CLANG_WARN_EMPTY_BODY = YES;
				CLANG_WARN_ENUM_CONVERSION = YES;
				CLANG_WARN_INFINITE_RECURSION = YES;
				CLANG_WARN_INT_CONVERSION = YES;
				CLANG_WARN_NON_LITERAL_NULL_CONVERSION = YES;
				CLANG_WARN_OBJC_IMPLICIT_RETAIN_SELF = YES;
				CLANG_WARN_OBJC_LITERAL_CONVERSION = YES;
				CLANG_WARN_OBJC_ROOT_CLASS = YES_ERROR;
				CLANG_WARN_RANGE_LOOP_ANALYSIS = YES;
				CLANG_WARN_STRICT_PROTOTYPES = YES;
				CLANG_WARN_SUSPICIOUS_MOVE = YES;
				CLANG_WARN_UNGUARDED_AVAILABILITY = YES_AGGRESSIVE;
				CLANG_WARN_UNREACHABLE_CODE = YES;
				CLANG_WARN__DUPLICATE_METHOD_MATCH = YES;
				CODE_SIGN_IDENTITY = "iPhone Developer";
				COPY_PHASE_STRIP = NO;
				DEBUG_INFORMATION_FORMAT = "dwarf-with-dsym";
				ENABLE_NS_ASSERTIONS = NO;
				ENABLE_STRICT_OBJC_MSGSEND = YES;
				GCC_C_LANGUAGE_STANDARD = gnu11;
				GCC_NO_COMMON_BLOCKS = YES;
				GCC_WARN_64_TO_32_BIT_CONVERSION = YES;
				GCC_WARN_ABOUT_RETURN_TYPE = YES_ERROR;
				GCC_WARN_UNDECLARED_SELECTOR = YES;
				GCC_WARN_UNINITIALIZED_AUTOS = YES_AGGRESSIVE;
				GCC_WARN_UNUSED_FUNCTION = YES;
				GCC_WARN_UNUSED_VARIABLE = YES;
				IPHONEOS_DEPLOYMENT_TARGET = 11.3;
				MTL_ENABLE_DEBUG_INFO = NO;
				SDKROOT = iphoneos;
				SWIFT_COMPILATION_MODE = wholemodule;
				SWIFT_OPTIMIZATION_LEVEL = "-O";
				VALIDATE_PRODUCT = YES;
			};
			name = Release;
		};
		6776725C20A7505500722E70 /* Debug */ = {
			isa = XCBuildConfiguration;
			buildSettings = {
				ASSETCATALOG_COMPILER_APPICON_NAME = AppIcon;
				CODE_SIGN_STYLE = Automatic;
				INFOPLIST_FILE = MovieIndex/Info.plist;
				LD_RUNPATH_SEARCH_PATHS = (
					"$(inherited)",
					"@executable_path/Frameworks",
				);
				PRODUCT_BUNDLE_IDENTIFIER = KimchiKabab.MovieIndex;
				PRODUCT_NAME = "$(TARGET_NAME)";
				SWIFT_VERSION = 4.0;
				TARGETED_DEVICE_FAMILY = "1,2";
			};
			name = Debug;
		};
		6776725D20A7505500722E70 /* Release */ = {
			isa = XCBuildConfiguration;
			buildSettings = {
				ASSETCATALOG_COMPILER_APPICON_NAME = AppIcon;
				CODE_SIGN_STYLE = Automatic;
				INFOPLIST_FILE = MovieIndex/Info.plist;
				LD_RUNPATH_SEARCH_PATHS = (
					"$(inherited)",
					"@executable_path/Frameworks",
				);
				PRODUCT_BUNDLE_IDENTIFIER = KimchiKabab.MovieIndex;
				PRODUCT_NAME = "$(TARGET_NAME)";
				SWIFT_VERSION = 4.0;
				TARGETED_DEVICE_FAMILY = "1,2";
			};
			name = Release;
		};
		6776725F20A7505500722E70 /* Debug */ = {
			isa = XCBuildConfiguration;
			buildSettings = {
				ALWAYS_EMBED_SWIFT_STANDARD_LIBRARIES = YES;
				BUNDLE_LOADER = "$(TEST_HOST)";
				CODE_SIGN_STYLE = Automatic;
				INFOPLIST_FILE = MovieIndexTests/Info.plist;
				LD_RUNPATH_SEARCH_PATHS = (
					"$(inherited)",
					"@executable_path/Frameworks",
					"@loader_path/Frameworks",
				);
				PRODUCT_BUNDLE_IDENTIFIER = KimchiKabab.MovieIndexTests;
				PRODUCT_NAME = "$(TARGET_NAME)";
				SWIFT_VERSION = 4.0;
				TARGETED_DEVICE_FAMILY = "1,2";
				TEST_HOST = "$(BUILT_PRODUCTS_DIR)/MovieIndex.app/MovieIndex";
			};
			name = Debug;
		};
		6776726020A7505500722E70 /* Release */ = {
			isa = XCBuildConfiguration;
			buildSettings = {
				ALWAYS_EMBED_SWIFT_STANDARD_LIBRARIES = YES;
				BUNDLE_LOADER = "$(TEST_HOST)";
				CODE_SIGN_STYLE = Automatic;
				INFOPLIST_FILE = MovieIndexTests/Info.plist;
				LD_RUNPATH_SEARCH_PATHS = (
					"$(inherited)",
					"@executable_path/Frameworks",
					"@loader_path/Frameworks",
				);
				PRODUCT_BUNDLE_IDENTIFIER = KimchiKabab.MovieIndexTests;
				PRODUCT_NAME = "$(TARGET_NAME)";
				SWIFT_VERSION = 4.0;
				TARGETED_DEVICE_FAMILY = "1,2";
				TEST_HOST = "$(BUILT_PRODUCTS_DIR)/MovieIndex.app/MovieIndex";
			};
			name = Release;
		};
		6776726220A7505500722E70 /* Debug */ = {
			isa = XCBuildConfiguration;
			buildSettings = {
				ALWAYS_EMBED_SWIFT_STANDARD_LIBRARIES = YES;
				CODE_SIGN_STYLE = Automatic;
				INFOPLIST_FILE = MovieIndexUITests/Info.plist;
				LD_RUNPATH_SEARCH_PATHS = (
					"$(inherited)",
					"@executable_path/Frameworks",
					"@loader_path/Frameworks",
				);
				PRODUCT_BUNDLE_IDENTIFIER = KimchiKabab.MovieIndexUITests;
				PRODUCT_NAME = "$(TARGET_NAME)";
				SWIFT_VERSION = 4.0;
				TARGETED_DEVICE_FAMILY = "1,2";
				TEST_TARGET_NAME = MovieIndex;
			};
			name = Debug;
		};
		6776726320A7505500722E70 /* Release */ = {
			isa = XCBuildConfiguration;
			buildSettings = {
				ALWAYS_EMBED_SWIFT_STANDARD_LIBRARIES = YES;
				CODE_SIGN_STYLE = Automatic;
				INFOPLIST_FILE = MovieIndexUITests/Info.plist;
				LD_RUNPATH_SEARCH_PATHS = (
					"$(inherited)",
					"@executable_path/Frameworks",
					"@loader_path/Frameworks",
				);
				PRODUCT_BUNDLE_IDENTIFIER = KimchiKabab.MovieIndexUITests;
				PRODUCT_NAME = "$(TARGET_NAME)";
				SWIFT_VERSION = 4.0;
				TARGETED_DEVICE_FAMILY = "1,2";
				TEST_TARGET_NAME = MovieIndex;
			};
			name = Release;
		};
/* End XCBuildConfiguration section */

/* Begin XCConfigurationList section */
		6776722E20A7505300722E70 /* Build configuration list for PBXProject "MovieIndex" */ = {
			isa = XCConfigurationList;
			buildConfigurations = (
				6776725920A7505500722E70 /* Debug */,
				6776725A20A7505500722E70 /* Release */,
			);
			defaultConfigurationIsVisible = 0;
			defaultConfigurationName = Release;
		};
		6776725B20A7505500722E70 /* Build configuration list for PBXNativeTarget "MovieIndex" */ = {
			isa = XCConfigurationList;
			buildConfigurations = (
				6776725C20A7505500722E70 /* Debug */,
				6776725D20A7505500722E70 /* Release */,
			);
			defaultConfigurationIsVisible = 0;
			defaultConfigurationName = Release;
		};
		6776725E20A7505500722E70 /* Build configuration list for PBXNativeTarget "MovieIndexTests" */ = {
			isa = XCConfigurationList;
			buildConfigurations = (
				6776725F20A7505500722E70 /* Debug */,
				6776726020A7505500722E70 /* Release */,
			);
			defaultConfigurationIsVisible = 0;
			defaultConfigurationName = Release;
		};
		6776726120A7505500722E70 /* Build configuration list for PBXNativeTarget "MovieIndexUITests" */ = {
			isa = XCConfigurationList;
			buildConfigurations = (
				6776726220A7505500722E70 /* Debug */,
				6776726320A7505500722E70 /* Release */,
			);
			defaultConfigurationIsVisible = 0;
			defaultConfigurationName = Release;
		};
/* End XCConfigurationList section */
	};
	rootObject = 6776722B20A7505300722E70 /* Project object */;
}
